
Microsoft Visual Studio Solution File, Format Version 12.00
# Visual Studio Version 16
VisualStudioVersion = 16.0.31911.196
MinimumVisualStudioVersion = 10.0.40219.1
Project("{FAE04EC0-301F-11D3-BF4B-00C04F79EFBC}") = "Zatonskaya_IDZ", "Zatonskaya_IDZ\Zatonskaya_IDZ.csproj", "{4E029D2C-0ADA-4801-86C4-FCDB86C57954}"
EndProject
Global
	GlobalSection(SolutionConfigurationPlatforms) = preSolution
		Debug|Any CPU = Debug|Any CPU
		Release|Any CPU = Release|Any CPU
	EndGlobalSection
	GlobalSection(ProjectConfigurationPlatforms) = postSolution
		{4E029D2C-0ADA-4801-86C4-FCDB86C57954}.Debug|Any CPU.ActiveCfg = Debug|Any CPU
		{4E029D2C-0ADA-4801-86C4-FCDB86C57954}.Debug|Any CPU.Build.0 = Debug|Any CPU
		{4E029D2C-0ADA-4801-86C4-FCDB86C57954}.Release|Any CPU.ActiveCfg = Release|Any CPU
		{4E029D2C-0ADA-4801-86C4-FCDB86C57954}.Release|Any CPU.Build.0 = Release|Any CPU
	EndGlobalSection
	GlobalSection(SolutionProperties) = preSolution
		HideSolutionNode = FALSE
	EndGlobalSection
	GlobalSection(ExtensibilityGlobals) = postSolution
		SolutionGuid = {DB9D1EB2-0546-436B-8760-EF2308565D11}
	EndGlobalSection
EndGlobal
